Microsoft Visual Studio Solution File, Format Version 12.00
# Visual Studio Version 17
VisualStudioVersion = 17.5.2.0
MinimumVisualStudioVersion = 10.0.40219.1
Project("{FAE04EC0-301F-11D3-BF4B-00C04F79EFBC}") = "DemoDevOps", "DemoDevOps.csproj", "{22D17C65-C8C2-A05F-D984-4C3DD2F29F09}"
EndProject
Global
	GlobalSection(SolutionConfigurationPlatforms) = preSolution
		Debug|Any CPU = Debug|Any CPU
		Release|Any CPU = Release|Any CPU
	EndGlobalSection
	GlobalSection(ProjectConfigurationPlatforms) = postSolution
		{22D17C65-C8C2-A05F-D984-4C3DD2F29F09}.Debug|Any CPU.ActiveCfg = Debug|Any CPU
		{22D17C65-C8C2-A05F-D984-4C3DD2F29F09}.Debug|Any CPU.Build.0 = Debug|Any CPU
		{22D17C65-C8C2-A05F-D984-4C3DD2F29F09}.Release|Any CPU.ActiveCfg = Release|Any CPU
		{22D17C65-C8C2-A05F-D984-4C3DD2F29F09}.Release|Any CPU.Build.0 = Release|Any CPU
	EndGlobalSection
	GlobalSection(SolutionProperties) = preSolution
		HideSolutionNode = FALSE
	EndGlobalSection
	GlobalSection(ExtensibilityGlobals) = postSolution
		SolutionGuid = {F7709AD7-C479-4218-BD1E-ACD2FB010A64}
	EndGlobalSection
EndGlobal
